{
    "version": "0.5",
    "requires": [
        "zlib/1.3.1#b8bc2603263cf7eccbd6e17e66b0ed76%1733936244.862",
        "xorg-proto/2022.2#0088fff0ee788a2fa8f22a9704ea941a%1721048570.217",
        "xorg-macros/1.19.3#c3465b331ce1d044ee771dc5e4529b79%1676900904.25",
        "xorg/system#98f82cb669e4ebc6b4d9d8a4f3f1faf4%1725460968.361",
        "xkeyboard-config/system#57dd5c08e72ab06bc2ee0e756c0a2c41%1703110621.907",
        "xkbcommon/1.6.0#dababe41c183634d88ad56ef4740c045%1714157587.792",
        "wayland/1.22.0#88ba0706e8a04d2dc22b35f40417c5fe%1732121187.309",
        "vorbis/1.3.7#37e58f52e59a6232199b34ef402714a6%1699046045.52",
        "triangles3d/1.0@baitim#02c880fa52e4eb92996ea261534879c3%1739418950.6102784",
        "stb/cci.20230920#ed79bd361e974a99137f214efb117eef%1720366013.319",
        "sfml/2.6.1#1c6fdf1586e3b3a7bf08fcf1a4a1bc1d%1732108311.267",
        "opengl/system#7c02ea6ef926fd04844af53622a30541%1730805494.23",
        "openal-soft/1.22.2#506a381e0b805519cba4a7f1ee653fed%1712154674.237",
        "ogg/1.3.5#062626875f5c8c59f069f76f148098ef%1676030023.878",
        "minimp3/cci.20211201#045f7bf02ba91cce9a8730ce075705e7%1687805559.259",
        "mesa-glu/9.0.3#94609f918d5ca4e5fea0f7a985b29f68%1700054308.695",
        "libxml2/2.13.4#72b3bfba0c37dfe22f20c587cc468f4c%1726875222.855",
        "libudev/system#6aaa8ab03cabc6f3131bac21b7ce1e8a%1709765096.435",
        "libpng/1.6.45#7e4a946509700c2c83e82819b7abbf02%1736374911.407",
        "libiconv/1.17#1ae2f60ab5d08de1643a22a81b360c59%1737639926.448",
        "libglvnd/1.7.0#cd2e728b07cc6cf5e2e0d88ca6d689f8%1713270118.269",
        "libffi/3.4.4#72cccac6139293b6e97ec9cd676547ff%1712271679.608",
        "libalsa/1.2.10#e64d5e1ced869a2f676145bab4f4a181%1724146566.895",
        "gtest/1.15.0#9eb07f548819215e766e41399858454f%1721318797.609",
        "glm/cci.20230113#c9c89bea128786a245028f0cb4c1936d%1700512110.519",
        "glew/2.2.0#162c9c4b82b196eed6de22764f658d87%1732276496.701",
        "glew/2.1.0#c5a61ce5a03f09d3b0796c807b454879%1732276499.523",
        "freetype/2.13.2#5d2563803c8558d4ef47271a82c73d20%1728736671.752",
        "freeglut/3.4.0#5674e666d6bb21d45e778c6b710a213d%1712670791.988",
        "flac/1.4.3#828dbd8368d4108efed1b17a6eed9969%1731965494.255",
        "expat/2.6.4#635539330b990d8543d896d34bdbfe9f%1731016681.341",
        "bzip2/1.0.8#d00dac990f08d991998d624be81a9526%1724661266.998",
        "brotli/1.1.0#d56d7bb9ca722942aba17369cb5c0519%1696161049.808"
    ],
    "build_requires": [
        "zlib/1.3.1#b8bc2603263cf7eccbd6e17e66b0ed76%1733936244.862",
        "xorg-macros/1.19.3#c3465b331ce1d044ee771dc5e4529b79%1676900904.25",
        "wayland-protocols/1.33#ff1b6deb00cb3ddd949261217588a4de%1725279251.597",
        "wayland/1.22.0#88ba0706e8a04d2dc22b35f40417c5fe%1732121187.309",
        "pkgconf/2.2.0#6462942a22803086372db44689ba825f%1713364853.749",
        "pkgconf/2.1.0#27f44583701117b571307cf5b5fe5605%1701537936.436",
        "pkgconf/2.0.3#f996677e96e61e6552d85e83756c328b%1696606182.229",
        "ninja/1.12.1#fd583651bf0c6a901943495d49878803%1724079877.609",
        "meson/1.4.0#2262941cc8fbb0099dd0c196ca2a6c01%1726730116.631",
        "meson/1.3.2#26ce8a76a36cc275cdfee1d757bc6561%1726730118.251",
        "meson/1.3.0#39e72c134c60664acd1368390f663f85%1726730116.956",
        "meson/1.2.3#1d15f8d0bb576a64de8f927dbabec9dd%1726730118.463",
        "meson/1.2.2#21b73818ba96d9eea465b310b5bbc993%1726730120.212",
        "m4/1.4.19#b38ced39a01e31fef5435bc634461fd2%1700758725.451",
        "libxml2/2.13.4#72b3bfba0c37dfe22f20c587cc468f4c%1726875222.855",
        "libtool/2.4.7#08316dad5c72c541ed21e039e4cf217b%1702300906.107",
        "libiconv/1.17#1ae2f60ab5d08de1643a22a81b360c59%1737639926.448",
        "libffi/3.4.4#72cccac6139293b6e97ec9cd676547ff%1712271679.608",
        "gnu-config/cci.20210814#dc430d754f465e8c74463019672fb97b%1701248168.479",
        "flex/2.6.4#e35bc44b3fcbcd661e0af0dc5b5b1ad4%1674818991.113",
        "expat/2.6.4#635539330b990d8543d896d34bdbfe9f%1731016681.341",
        "bison/3.8.2#ed1ba0c42d2ab7ab64fc3a62e9ecc673%1688556312.342",
        "automake/1.16.5#058bda3e21c36c9aa8425daf3c1faf50%1688481772.751",
        "autoconf/2.71#f9307992909d7fb3df459340f1932809%1711983104.648"
    ],
    "python_requires": [],
    "config_requires": []
}